# Generated by pub
# See http://pub.dartlang.org/doc/glossary.html#lockfile
packages:
  args:
    description: args
    source: hosted
    version: "0.10.0+2"
  bot:
    description: bot
    source: hosted
    version: "0.26.1+1"
  bot_io:
    description: bot_io
    source: hosted
    version: "0.26.0"
  box2d:
    description: box2d
    source: hosted
    version: "0.1.7"
  browser:
    description: browser
    source: hosted
    version: "0.10.0+2"
  collection:
    description: collection
    source: hosted
    version: "0.9.1"
  completion:
    description: completion
    source: hosted
    version: "0.1.1"
  crypto:
    description: crypto
    source: hosted
    version: "0.9.0"
  git:
    description: git
    source: hosted
    version: "0.3.0"
  hop:
    description: hop
    source: hosted
    version: "0.30.3"
  logging:
    description: logging
    source: hosted
    version: "0.9.1+1"
  matcher:
    description: matcher
    source: hosted
    version: "0.10.0"
  mock:
    description: mock
    source: hosted
    version: "0.10.0"
  path:
    description: path
    source: hosted
    version: "1.1.0"
  stack_trace:
    description: stack_trace
    source: hosted
    version: "0.9.3"
  unittest:
    description: unittest
    source: hosted
    version: "0.10.1+1"
  vector_math:
    description: vector_math
    source: hosted
    version: "1.4.3"
